
Microsoft Visual Studio Solution File, Format Version 12.00
# Visual Studio Version 17
VisualStudioVersion = 17.10.35013.160
MinimumVisualStudioVersion = 10.0.40219.1
Project("{8BC9CEB8-8B4A-11D0-8D11-00A0C91BC942}") = "SortMethods", "SortMethods.vcxproj", "{343627FC-8144-4AD2-8551-C93C09A2C805}"
EndProject
Global
	GlobalSection(SolutionConfigurationPlatforms) = preSolution
		Debug|x64 = Debug|x64
		Debug|x86 = Debug|x86
		Release|x64 = Release|x64
		Release|x86 = Release|x86
	EndGlobalSection
	GlobalSection(ProjectConfigurationPlatforms) = postSolution
		{343627FC-8144-4AD2-8551-C93C09A2C805}.Debug|x64.ActiveCfg = Debug|x64
		{343627FC-8144-4AD2-8551-C93C09A2C805}.Debug|x64.Build.0 = Debug|x64
		{343627FC-8144-4AD2-8551-C93C09A2C805}.Debug|x86.ActiveCfg = Debug|Win32
		{343627FC-8144-4AD2-8551-C93C09A2C805}.Debug|x86.Build.0 = Debug|Win32
		{343627FC-8144-4AD2-8551-C93C09A2C805}.Release|x64.ActiveCfg = Release|x64
		{343627FC-8144-4AD2-8551-C93C09A2C805}.Release|x64.Build.0 = Release|x64
		{343627FC-8144-4AD2-8551-C93C09A2C805}.Release|x86.ActiveCfg = Release|Win32
		{343627FC-8144-4AD2-8551-C93C09A2C805}.Release|x86.Build.0 = Release|Win32
	EndGlobalSection
	GlobalSection(SolutionProperties) = preSolution
		HideSolutionNode = FALSE
	EndGlobalSection
	GlobalSection(ExtensibilityGlobals) = postSolution
		SolutionGuid = {ACCDABE7-EE1D-41ED-8DBC-FAF79CD29819}
	EndGlobalSection
EndGlobal
